
Microsoft Visual Studio Solution File, Format Version 12.00
# Visual Studio 15
VisualStudioVersion = 15.0.27703.2035
MinimumVisualStudioVersion = 10.0.40219.1
Project("{FAE04EC0-301F-11D3-BF4B-00C04F79EFBC}") = "FiscalCode.Android", "FiscalCode\FiscalCode.Android\FiscalCode.Android.csproj", "{B54FA7A2-FAB8-4E3E-904C-A00353186E56}"
EndProject
Project("{FAE04EC0-301F-11D3-BF4B-00C04F79EFBC}") = "FiscalCode.iOS", "FiscalCode\FiscalCode.iOS\FiscalCode.iOS.csproj", "{98FE81B0-7109-4033-9F30-B059198B3577}"
EndProject
Project("{FAE04EC0-301F-11D3-BF4B-00C04F79EFBC}") = "FiscalCode.UWP", "FiscalCode\FiscalCode.UWP\FiscalCode.UWP.csproj", "{68B24C31-46AC-425B-BE3D-1539614F1862}"
EndProject
Project("{FAE04EC0-301F-11D3-BF4B-00C04F79EFBC}") = "FiscalCode", "FiscalCode\FiscalCode\FiscalCode.csproj", "{ABC4D531-9386-47ED-9898-10B8309D19F3}"
EndProject
Project("{9A19103F-16F7-4668-BE54-9A1E7A4F7556}") = "FiscalCodeCalculator", "FiscalCodeCalculator\FiscalCodeCalculator.csproj", "{99E2BEA1-DFA5-4F8C-8917-4C5A930F5F69}"
EndProject
Global
	GlobalSection(SolutionConfigurationPlatforms) = preSolution
		Ad-Hoc|Any CPU = Ad-Hoc|Any CPU
		Ad-Hoc|ARM = Ad-Hoc|ARM
		Ad-Hoc|iPhone = Ad-Hoc|iPhone
		Ad-Hoc|iPhoneSimulator = Ad-Hoc|iPhoneSimulator
		Ad-Hoc|x64 = Ad-Hoc|x64
		Ad-Hoc|x86 = Ad-Hoc|x86
		AppStore|Any CPU = AppStore|Any CPU
		AppStore|ARM = AppStore|ARM
		AppStore|iPhone = AppStore|iPhone
		AppStore|iPhoneSimulator = AppStore|iPhoneSimulator
		AppStore|x64 = AppStore|x64
		AppStore|x86 = AppStore|x86
		Debug|Any CPU = Debug|Any CPU
		Debug|ARM = Debug|ARM
		Debug|iPhone = Debug|iPhone
		Debug|iPhoneSimulator = Debug|iPhoneSimulator
		Debug|x64 = Debug|x64
		Debug|x86 = Debug|x86
		Release|Any CPU = Release|Any CPU
		Release|ARM = Release|ARM
		Release|iPhone = Release|iPhone
		Release|iPhoneSimulator = Release|iPhoneSimulator
		Release|x64 = Release|x64
		Release|x86 = Release|x86
	EndGlobalSection
	GlobalSection(ProjectConfigurationPlatforms) = postSolution
		{B54FA7A2-FAB8-4E3E-904C-A00353186E56}.Ad-Hoc|Any CPU.ActiveCfg = Release|Any CPU
		{B54FA7A2-FAB8-4E3E-904C-A00353186E56}.Ad-Hoc|Any CPU.Build.0 = Release|Any CPU
		{B54FA7A2-FAB8-4E3E-904C-A00353186E56}.Ad-Hoc|Any CPU.Deploy.0 = Release|Any CPU
		{B54FA7A2-FAB8-4E3E-904C-A00353186E56}.Ad-Hoc|ARM.ActiveCfg = Release|Any CPU
		{B54FA7A2-FAB8-4E3E-904C-A00353186E56}.Ad-Hoc|ARM.Build.0 = Release|Any CPU
		{B54FA7A2-FAB8-4E3E-904C-A00353186E56}.Ad-Hoc|ARM.Deploy.0 = Release|Any CPU
		{B54FA7A2-FAB8-4E3E-904C-A00353186E56}.Ad-Hoc|iPhone.ActiveCfg = Release|Any CPU
		{B54FA7A2-FAB8-4E3E-904C-A00353186E56}.Ad-Hoc|iPhone.Build.0 = Release|Any CPU
		{B54FA7A2-FAB8-4E3E-904C-A00353186E56}.Ad-Hoc|iPhone.Deploy.0 = Release|Any CPU
		{B54FA7A2-FAB8-4E3E-904C-A00353186E56}.Ad-Hoc|iPhoneSimulator.ActiveCfg = Release|Any CPU
		{B54FA7A2-FAB8-4E3E-904C-A00353186E56}.Ad-Hoc|iPhoneSimulator.Build.0 = Release|Any CPU
		{B54FA7A2-FAB8-4E3E-904C-A00353186E56}.Ad-Hoc|iPhoneSimulator.Deploy.0 = Release|Any CPU
		{B54FA7A2-FAB8-4E3E-904C-A00353186E56}.Ad-Hoc|x64.ActiveCfg = Release|Any CPU
		{B54FA7A2-FAB8-4E3E-904C-A00353186E56}.Ad-Hoc|x64.Build.0 = Release|Any CPU
		{B54FA7A2-FAB8-4E3E-904C-A00353186E56}.Ad-Hoc|x64.Deploy.0 = Release|Any CPU
		{B54FA7A2-FAB8-4E3E-904C-A00353186E56}.Ad-Hoc|x86.ActiveCfg = Release|Any CPU
		{B54FA7A2-FAB8-4E3E-904C-A00353186E56}.Ad-Hoc|x86.Build.0 = Release|Any CPU
		{B54FA7A2-FAB8-4E3E-904C-A00353186E56}.Ad-Hoc|x86.Deploy.0 = Release|Any CPU
		{B54FA7A2-FAB8-4E3E-904C-A00353186E56}.AppStore|Any CPU.ActiveCfg = Release|Any CPU
		{B54FA7A2-FAB8-4E3E-904C-A00353186E56}.AppStore|Any CPU.Build.0 = Release|Any CPU
		{B54FA7A2-FAB8-4E3E-904C-A00353186E56}.AppStore|Any CPU.Deploy.0 = Release|Any CPU
		{B54FA7A2-FAB8-4E3E-904C-A00353186E56}.AppStore|ARM.ActiveCfg = Release|Any CPU
		{B54FA7A2-FAB8-4E3E-904C-A00353186E56}.AppStore|ARM.Build.0 = Release|Any CPU
		{B54FA7A2-FAB8-4E3E-904C-A00353186E56}.AppStore|ARM.Deploy.0 = Release|Any CPU
		{B54FA7A2-FAB8-4E3E-904C-A00353186E56}.AppStore|iPhone.ActiveCfg = Release|Any CPU
		{B54FA7A2-FAB8-4E3E-904C-A00353186E56}.AppStore|iPhone.Build.0 = Release|Any CPU
		{B54FA7A2-FAB8-4E3E-904C-A00353186E56}.AppStore|iPhone.Deploy.0 = Release|Any CPU
		{B54FA7A2-FAB8-4E3E-904C-A00353186E56}.AppStore|iPhoneSimulator.ActiveCfg = Release|Any CPU
		{B54FA7A2-FAB8-4E3E-904C-A00353186E56}.AppStore|iPhoneSimulator.Build.0 = Release|Any CPU
		{B54FA7A2-FAB8-4E3E-904C-A00353186E56}.AppStore|iPhoneSimulator.Deploy.0 = Release|Any CPU
		{B54FA7A2-FAB8-4E3E-904C-A00353186E56}.AppStore|x64.ActiveCfg = Release|Any CPU
		{B54FA7A2-FAB8-4E3E-904C-A00353186E56}.AppStore|x64.Build.0 = Release|Any CPU
		{B54FA7A2-FAB8-4E3E-904C-A00353186E56}.AppStore|x64.Deploy.0 = Release|Any CPU
		{B54FA7A2-FAB8-4E3E-904C-A00353186E56}.AppStore|x86.ActiveCfg = Release|Any CPU
		{B54FA7A2-FAB8-4E3E-904C-A00353186E56}.AppStore|x86.Build.0 = Release|Any CPU
		{B54FA7A2-FAB8-4E3E-904C-A00353186E56}.AppStore|x86.Deploy.0 = Release|Any CPU
		{B54FA7A2-FAB8-4E3E-904C-A00353186E56}.Debug|Any CPU.ActiveCfg = Debug|Any CPU
		{B54FA7A2-FAB8-4E3E-904C-A00353186E56}.Debug|Any CPU.Build.0 = Debug|Any CPU
		{B54FA7A2-FAB8-4E3E-904C-A00353186E56}.Debug|Any CPU.Deploy.0 = Debug|Any CPU
		{B54FA7A2-FAB8-4E3E-904C-A00353186E56}.Debug|ARM.ActiveCfg = Debug|Any CPU
		{B54FA7A2-FAB8-4E3E-904C-A00353186E56}.Debug|ARM.Build.0 = Debug|Any CPU
		{B54FA7A2-FAB8-4E3E-904C-A00353186E56}.Debug|ARM.Deploy.0 = Debug|Any CPU
		{B54FA7A2-FAB8-4E3E-904C-A00353186E56}.Debug|iPhone.ActiveCfg = Debug|Any CPU
		{B54FA7A2-FAB8-4E3E-904C-A00353186E56}.Debug|iPhone.Build.0 = Debug|Any CPU
		{B54FA7A2-FAB8-4E3E-904C-A00353186E56}.Debug|iPhone.Deploy.0 = Debug|Any CPU
		{B54FA7A2-FAB8-4E3E-904C-A00353186E56}.Debug|iPhoneSimulator.ActiveCfg = Debug|Any CPU
		{B54FA7A2-FAB8-4E3E-904C-A00353186E56}.Debug|iPhoneSimulator.Build.0 = Debug|Any CPU
		{B54FA7A2-FAB8-4E3E-904C-A00353186E56}.Debug|iPhoneSimulator.Deploy.0 = Debug|Any CPU
		{B54FA7A2-FAB8-4E3E-904C-A00353186E56}.Debug|x64.ActiveCfg = Debug|Any CPU
		{B54FA7A2-FAB8-4E3E-904C-A00353186E56}.Debug|x64.Build.0 = Debug|Any CPU
		{B54FA7A2-FAB8-4E3E-904C-A00353186E56}.Debug|x64.Deploy.0 = Debug|Any CPU
		{B54FA7A2-FAB8-4E3E-904C-A00353186E56}.Debug|x86.ActiveCfg = Debug|Any CPU
		{B54FA7A2-FAB8-4E3E-904C-A00353186E56}.Debug|x86.Build.0 = Debug|Any CPU
		{B54FA7A2-FAB8-4E3E-904C-A00353186E56}.Debug|x86.Deploy.0 = Debug|Any CPU
		{B54FA7A2-FAB8-4E3E-904C-A00353186E56}.Release|Any CPU.ActiveCfg = Release|Any CPU
		{B54FA7A2-FAB8-4E3E-904C-A00353186E56}.Release|Any CPU.Build.0 = Release|Any CPU
		{B54FA7A2-FAB8-4E3E-904C-A00353186E56}.Release|Any CPU.Deploy.0 = Release|Any CPU
		{B54FA7A2-FAB8-4E3E-904C-A00353186E56}.Release|ARM.ActiveCfg = Release|Any CPU
		{B54FA7A2-FAB8-4E3E-904C-A00353186E56}.Release|ARM.Build.0 = Release|Any CPU
		{B54FA7A2-FAB8-4E3E-904C-A00353186E56}.Release|ARM.Deploy.0 = Release|Any CPU
		{B54FA7A2-FAB8-4E3E-904C-A00353186E56}.Release|iPhone.ActiveCfg = Release|Any CPU
		{B54FA7A2-FAB8-4E3E-904C-A00353186E56}.Release|iPhone.Build.0 = Release|Any CPU
		{B54FA7A2-FAB8-4E3E-904C-A00353186E56}.Release|iPhone.Deploy.0 = Release|Any CPU
		{B54FA7A2-FAB8-4E3E-904C-A00353186E56}.Release|iPhoneSimulator.ActiveCfg = Release|Any CPU
		{B54FA7A2-FAB8-4E3E-904C-A00353186E56}.Release|iPhoneSimulator.Build.0 = Release|Any CPU
		{B54FA7A2-FAB8-4E3E-904C-A00353186E56}.Release|iPhoneSimulator.Deploy.0 = Release|Any CPU
		{B54FA7A2-FAB8-4E3E-904C-A00353186E56}.Release|x64.ActiveCfg = Release|Any CPU
		{B54FA7A2-FAB8-4E3E-904C-A00353186E56}.Release|x64.Build.0 = Release|Any CPU
		{B54FA7A2-FAB8-4E3E-904C-A00353186E56}.Release|x64.Deploy.0 = Release|Any CPU
		{B54FA7A2-FAB8-4E3E-904C-A00353186E56}.Release|x86.ActiveCfg = Release|Any CPU
		{B54FA7A2-FAB8-4E3E-904C-A00353186E56}.Release|x86.Build.0 = Release|Any CPU
		{B54FA7A2-FAB8-4E3E-904C-A00353186E56}.Release|x86.Deploy.0 = Release|Any CPU
		{98FE81B0-7109-4033-9F30-B059198B3577}.Ad-Hoc|Any CPU.ActiveCfg = Ad-Hoc|iPhone
		{98FE81B0-7109-4033-9F30-B059198B3577}.Ad-Hoc|Any CPU.Build.0 = Ad-Hoc|iPhone
		{98FE81B0-7109-4033-9F30-B059198B3577}.Ad-Hoc|Any CPU.Deploy.0 = Ad-Hoc|iPhone
		{98FE81B0-7109-4033-9F30-B059198B3577}.Ad-Hoc|ARM.ActiveCfg = Ad-Hoc|iPhone
		{98FE81B0-7109-4033-9F30-B059198B3577}.Ad-Hoc|ARM.Build.0 = Ad-Hoc|iPhone
		{98FE81B0-7109-4033-9F30-B059198B3577}.Ad-Hoc|ARM.Deploy.0 = Ad-Hoc|iPhone
		{98FE81B0-7109-4033-9F30-B059198B3577}.Ad-Hoc|iPhone.ActiveCfg = Ad-Hoc|iPhone
		{98FE81B0-7109-4033-9F30-B059198B3577}.Ad-Hoc|iPhone.Build.0 = Ad-Hoc|iPhone
		{98FE81B0-7109-4033-9F30-B059198B3577}.Ad-Hoc|iPhone.Deploy.0 = Ad-Hoc|iPhone
		{98FE81B0-7109-4033-9F30-B059198B3577}.Ad-Hoc|iPhoneSimulator.ActiveCfg = Ad-Hoc|iPhoneSimulator
		{98FE81B0-7109-4033-9F30-B059198B3577}.Ad-Hoc|iPhoneSimulator.Build.0 = Ad-Hoc|iPhoneSimulator
		{98FE81B0-7109-4033-9F30-B059198B3577}.Ad-Hoc|iPhoneSimulator.Deploy.0 = Ad-Hoc|iPhoneSimulator
		{98FE81B0-7109-4033-9F30-B059198B3577}.Ad-Hoc|x64.ActiveCfg = Ad-Hoc|iPhone
		{98FE81B0-7109-4033-9F30-B059198B3577}.Ad-Hoc|x64.Build.0 = Ad-Hoc|iPhone
		{98FE81B0-7109-4033-9F30-B059198B3577}.Ad-Hoc|x64.Deploy.0 = Ad-Hoc|iPhone
		{98FE81B0-7109-4033-9F30-B059198B3577}.Ad-Hoc|x86.ActiveCfg = Ad-Hoc|iPhone
		{98FE81B0-7109-4033-9F30-B059198B3577}.Ad-Hoc|x86.Build.0 = Ad-Hoc|iPhone
		{98FE81B0-7109-4033-9F30-B059198B3577}.Ad-Hoc|x86.Deploy.0 = Ad-Hoc|iPhone
		{98FE81B0-7109-4033-9F30-B059198B3577}.AppStore|Any CPU.ActiveCfg = AppStore|iPhone
		{98FE81B0-7109-4033-9F30-B059198B3577}.AppStore|Any CPU.Build.0 = AppStore|iPhone
		{98FE81B0-7109-4033-9F30-B059198B3577}.AppStore|Any CPU.Deploy.0 = AppStore|iPhone
		{98FE81B0-7109-4033-9F30-B059198B3577}.AppStore|ARM.ActiveCfg = AppStore|iPhone
		{98FE81B0-7109-4033-9F30-B059198B3577}.AppStore|ARM.Build.0 = AppStore|iPhone
		{98FE81B0-7109-4033-9F30-B059198B3577}.AppStore|ARM.Deploy.0 = AppStore|iPhone
		{98FE81B0-7109-4033-9F30-B059198B3577}.AppStore|iPhone.ActiveCfg = AppStore|iPhone
		{98FE81B0-7109-4033-9F30-B059198B3577}.AppStore|iPhone.Build.0 = AppStore|iPhone
		{98FE81B0-7109-4033-9F30-B059198B3577}.AppStore|iPhone.Deploy.0 = AppStore|iPhone
		{98FE81B0-7109-4033-9F30-B059198B3577}.AppStore|iPhoneSimulator.ActiveCfg = AppStore|iPhoneSimulator
		{98FE81B0-7109-4033-9F30-B059198B3577}.AppStore|iPhoneSimulator.Build.0 = AppStore|iPhoneSimulator
		{98FE81B0-7109-4033-9F30-B059198B3577}.AppStore|iPhoneSimulator.Deploy.0 = AppStore|iPhoneSimulator
		{98FE81B0-7109-4033-9F30-B059198B3577}.AppStore|x64.ActiveCfg = AppStore|iPhone
		{98FE81B0-7109-4033-9F30-B059198B3577}.AppStore|x64.Build.0 = AppStore|iPhone
		{98FE81B0-7109-4033-9F30-B059198B3577}.AppStore|x64.Deploy.0 = AppStore|iPhone
		{98FE81B0-7109-4033-9F30-B059198B3577}.AppStore|x86.ActiveCfg = AppStore|iPhone
		{98FE81B0-7109-4033-9F30-B059198B3577}.AppStore|x86.Build.0 = AppStore|iPhone
		{98FE81B0-7109-4033-9F30-B059198B3577}.AppStore|x86.Deploy.0 = AppStore|iPhone
		{98FE81B0-7109-4033-9F30-B059198B3577}.Debug|Any CPU.ActiveCfg = Debug|iPhoneSimulator
		{98FE81B0-7109-4033-9F30-B059198B3577}.Debug|Any CPU.Build.0 = Debug|iPhoneSimulator
		{98FE81B0-7109-4033-9F30-B059198B3577}.Debug|Any CPU.Deploy.0 = Debug|iPhoneSimulator
		{98FE81B0-7109-4033-9F30-B059198B3577}.Debug|ARM.ActiveCfg = Debug|iPhone
		{98FE81B0-7109-4033-9F30-B059198B3577}.Debug|ARM.Build.0 = Debug|iPhone
		{98FE81B0-7109-4033-9F30-B059198B3577}.Debug|ARM.Deploy.0 = Debug|iPhone
		{98FE81B0-7109-4033-9F30-B059198B3577}.Debug|iPhone.ActiveCfg = Debug|iPhone
		{98FE81B0-7109-4033-9F30-B059198B3577}.Debug|iPhone.Build.0 = Debug|iPhone
		{98FE81B0-7109-4033-9F30-B059198B3577}.Debug|iPhone.Deploy.0 = Debug|iPhone
		{98FE81B0-7109-4033-9F30-B059198B3577}.Debug|iPhoneSimulator.ActiveCfg = Debug|iPhoneSimulator
		{98FE81B0-7109-4033-9F30-B059198B3577}.Debug|iPhoneSimulator.Build.0 = Debug|iPhoneSimulator
		{98FE81B0-7109-4033-9F30-B059198B3577}.Debug|iPhoneSimulator.Deploy.0 = Debug|iPhoneSimulator
		{98FE81B0-7109-4033-9F30-B059198B3577}.Debug|x64.ActiveCfg = Debug|iPhone
		{98FE81B0-7109-4033-9F30-B059198B3577}.Debug|x64.Build.0 = Debug|iPhone
		{98FE81B0-7109-4033-9F30-B059198B3577}.Debug|x64.Deploy.0 = Debug|iPhone
		{98FE81B0-7109-4033-9F30-B059198B3577}.Debug|x86.ActiveCfg = Debug|iPhone
		{98FE81B0-7109-4033-9F30-B059198B3577}.Debug|x86.Build.0 = Debug|iPhone
		{98FE81B0-7109-4033-9F30-B059198B3577}.Debug|x86.Deploy.0 = Debug|iPhone
		{98FE81B0-7109-4033-9F30-B059198B3577}.Release|Any CPU.ActiveCfg = Release|iPhone
		{98FE81B0-7109-4033-9F30-B059198B3577}.Release|Any CPU.Build.0 = Release|iPhone
		{98FE81B0-7109-4033-9F30-B059198B3577}.Release|Any CPU.Deploy.0 = Release|iPhone
		{98FE81B0-7109-4033-9F30-B059198B3577}.Release|ARM.ActiveCfg = Release|iPhone
		{98FE81B0-7109-4033-9F30-B059198B3577}.Release|ARM.Build.0 = Release|iPhone
		{98FE81B0-7109-4033-9F30-B059198B3577}.Release|ARM.Deploy.0 = Release|iPhone
		{98FE81B0-7109-4033-9F30-B059198B3577}.Release|iPhone.ActiveCfg = Release|iPhone
		{98FE81B0-7109-4033-9F30-B059198B3577}.Release|iPhone.Build.0 = Release|iPhone
		{98FE81B0-7109-4033-9F30-B059198B3577}.Release|iPhone.Deploy.0 = Release|iPhone
		{98FE81B0-7109-4033-9F30-B059198B3577}.Release|iPhoneSimulator.ActiveCfg = Release|iPhoneSimulator
		{98FE81B0-7109-4033-9F30-B059198B3577}.Release|iPhoneSimulator.Build.0 = Release|iPhoneSimulator
		{98FE81B0-7109-4033-9F30-B059198B3577}.Release|iPhoneSimulator.Deploy.0 = Release|iPhoneSimulator
		{98FE81B0-7109-4033-9F30-B059198B3577}.Release|x64.ActiveCfg = Release|iPhone
		{98FE81B0-7109-4033-9F30-B059198B3577}.Release|x64.Build.0 = Release|iPhone
		{98FE81B0-7109-4033-9F30-B059198B3577}.Release|x64.Deploy.0 = Release|iPhone
		{98FE81B0-7109-4033-9F30-B059198B3577}.Release|x86.ActiveCfg = Release|iPhone
		{98FE81B0-7109-4033-9F30-B059198B3577}.Release|x86.Build.0 = Release|iPhone
		{98FE81B0-7109-4033-9F30-B059198B3577}.Release|x86.Deploy.0 = Release|iPhone
		{68B24C31-46AC-425B-BE3D-1539614F1862}.Ad-Hoc|Any CPU.ActiveCfg = Release|x86
		{68B24C31-46AC-425B-BE3D-1539614F1862}.Ad-Hoc|Any CPU.Build.0 = Release|x86
		{68B24C31-46AC-425B-BE3D-1539614F1862}.Ad-Hoc|Any CPU.Deploy.0 = Release|x86
		{68B24C31-46AC-425B-BE3D-1539614F1862}.Ad-Hoc|ARM.ActiveCfg = Release|ARM
		{68B24C31-46AC-425B-BE3D-1539614F1862}.Ad-Hoc|ARM.Build.0 = Release|ARM
		{68B24C31-46AC-425B-BE3D-1539614F1862}.Ad-Hoc|ARM.Deploy.0 = Release|ARM
		{68B24C31-46AC-425B-BE3D-1539614F1862}.Ad-Hoc|iPhone.ActiveCfg = Release|x86
		{68B24C31-46AC-425B-BE3D-1539614F1862}.Ad-Hoc|iPhone.Build.0 = Release|x86
		{68B24C31-46AC-425B-BE3D-1539614F1862}.Ad-Hoc|iPhone.Deploy.0 = Release|x86
		{68B24C31-46AC-425B-BE3D-1539614F1862}.Ad-Hoc|iPhoneSimulator.ActiveCfg = Release|x86
		{68B24C31-46AC-425B-BE3D-1539614F1862}.Ad-Hoc|iPhoneSimulator.Build.0 = Release|x86
		{68B24C31-46AC-425B-BE3D-1539614F1862}.Ad-Hoc|iPhoneSimulator.Deploy.0 = Release|x86
		{68B24C31-46AC-425B-BE3D-1539614F1862}.Ad-Hoc|x64.ActiveCfg = Release|x64
		{68B24C31-46AC-425B-BE3D-1539614F1862}.Ad-Hoc|x64.Build.0 = Release|x64
		{68B24C31-46AC-425B-BE3D-1539614F1862}.Ad-Hoc|x64.Deploy.0 = Release|x64
		{68B24C31-46AC-425B-BE3D-1539614F1862}.Ad-Hoc|x86.ActiveCfg = Release|x86
		{68B24C31-46AC-425B-BE3D-1539614F1862}.Ad-Hoc|x86.Build.0 = Release|x86
		{68B24C31-46AC-425B-BE3D-1539614F1862}.Ad-Hoc|x86.Deploy.0 = Release|x86
		{68B24C31-46AC-425B-BE3D-1539614F1862}.AppStore|Any CPU.ActiveCfg = Release|x86
		{68B24C31-46AC-425B-BE3D-1539614F1862}.AppStore|Any CPU.Build.0 = Release|x86
		{68B24C31-46AC-425B-BE3D-1539614F1862}.AppStore|Any CPU.Deploy.0 = Release|x86
		{68B24C31-46AC-425B-BE3D-1539614F1862}.AppStore|ARM.ActiveCfg = Release|ARM
		{68B24C31-46AC-425B-BE3D-1539614F1862}.AppStore|ARM.Build.0 = Release|ARM
		{68B24C31-46AC-425B-BE3D-1539614F1862}.AppStore|ARM.Deploy.0 = Release|ARM
		{68B24C31-46AC-425B-BE3D-1539614F1862}.AppStore|iPhone.ActiveCfg = Release|x86
		{68B24C31-46AC-425B-BE3D-1539614F1862}.AppStore|iPhone.Build.0 = Release|x86
		{68B24C31-46AC-425B-BE3D-1539614F1862}.AppStore|iPhone.Deploy.0 = Release|x86
		{68B24C31-46AC-425B-BE3D-1539614F1862}.AppStore|iPhoneSimulator.ActiveCfg = Release|x86
		{68B24C31-46AC-425B-BE3D-1539614F1862}.AppStore|iPhoneSimulator.Build.0 = Release|x86
		{68B24C31-46AC-425B-BE3D-1539614F1862}.AppStore|iPhoneSimulator.Deploy.0 = Release|x86
		{68B24C31-46AC-425B-BE3D-1539614F1862}.AppStore|x64.ActiveCfg = Release|x64
		{68B24C31-46AC-425B-BE3D-1539614F1862}.AppStore|x64.Build.0 = Release|x64
		{68B24C31-46AC-425B-BE3D-1539614F1862}.AppStore|x64.Deploy.0 = Release|x64
		{68B24C31-46AC-425B-BE3D-1539614F1862}.AppStore|x86.ActiveCfg = Release|x86
		{68B24C31-46AC-425B-BE3D-1539614F1862}.AppStore|x86.Build.0 = Release|x86
		{68B24C31-46AC-425B-BE3D-1539614F1862}.AppStore|x86.Deploy.0 = Release|x86
		{68B24C31-46AC-425B-BE3D-1539614F1862}.Debug|Any CPU.ActiveCfg = Debug|x86
		{68B24C31-46AC-425B-BE3D-1539614F1862}.Debug|Any CPU.Build.0 = Debug|x86
		{68B24C31-46AC-425B-BE3D-1539614F1862}.Debug|Any CPU.Deploy.0 = Debug|x86
		{68B24C31-46AC-425B-BE3D-1539614F1862}.Debug|ARM.ActiveCfg = Debug|ARM
		{68B24C31-46AC-425B-BE3D-1539614F1862}.Debug|ARM.Build.0 = Debug|ARM
		{68B24C31-46AC-425B-BE3D-1539614F1862}.Debug|ARM.Deploy.0 = Debug|ARM
		{68B24C31-46AC-425B-BE3D-1539614F1862}.Debug|iPhone.ActiveCfg = Debug|x86
		{68B24C31-46AC-425B-BE3D-1539614F1862}.Debug|iPhone.Build.0 = Debug|x86
		{68B24C31-46AC-425B-BE3D-1539614F1862}.Debug|iPhone.Deploy.0 = Debug|x86
		{68B24C31-46AC-425B-BE3D-1539614F1862}.Debug|iPhoneSimulator.ActiveCfg = Debug|x86
		{68B24C31-46AC-425B-BE3D-1539614F1862}.Debug|iPhoneSimulator.Build.0 = Debug|x86
		{68B24C31-46AC-425B-BE3D-1539614F1862}.Debug|iPhoneSimulator.Deploy.0 = Debug|x86
		{68B24C31-46AC-425B-BE3D-1539614F1862}.Debug|x64.ActiveCfg = Debug|x64
		{68B24C31-46AC-425B-BE3D-1539614F1862}.Debug|x64.Build.0 = Debug|x64
		{68B24C31-46AC-425B-BE3D-1539614F1862}.Debug|x64.Deploy.0 = Debug|x64
		{68B24C31-46AC-425B-BE3D-1539614F1862}.Debug|x86.ActiveCfg = Debug|x86
		{68B24C31-46AC-425B-BE3D-1539614F1862}.Debug|x86.Build.0 = Debug|x86
		{68B24C31-46AC-425B-BE3D-1539614F1862}.Debug|x86.Deploy.0 = Debug|x86
		{68B24C31-46AC-425B-BE3D-1539614F1862}.Release|Any CPU.ActiveCfg = Release|x86
		{68B24C31-46AC-425B-BE3D-1539614F1862}.Release|Any CPU.Build.0 = Release|x86
		{68B24C31-46AC-425B-BE3D-1539614F1862}.Release|Any CPU.Deploy.0 = Release|x86
		{68B24C31-46AC-425B-BE3D-1539614F1862}.Release|ARM.ActiveCfg = Release|ARM
		{68B24C31-46AC-425B-BE3D-1539614F1862}.Release|ARM.Build.0 = Release|ARM
		{68B24C31-46AC-425B-BE3D-1539614F1862}.Release|ARM.Deploy.0 = Release|ARM
		{68B24C31-46AC-425B-BE3D-1539614F1862}.Release|iPhone.ActiveCfg = Release|x86
		{68B24C31-46AC-425B-BE3D-1539614F1862}.Release|iPhone.Build.0 = Release|x86
		{68B24C31-46AC-425B-BE3D-1539614F1862}.Release|iPhone.Deploy.0 = Release|x86
		{68B24C31-46AC-425B-BE3D-1539614F1862}.Release|iPhoneSimulator.ActiveCfg = Release|x86
		{68B24C31-46AC-425B-BE3D-1539614F1862}.Release|iPhoneSimulator.Build.0 = Release|x86
		{68B24C31-46AC-425B-BE3D-1539614F1862}.Release|iPhoneSimulator.Deploy.0 = Release|x86
		{68B24C31-46AC-425B-BE3D-1539614F1862}.Release|x64.ActiveCfg = Release|x64
		{68B24C31-46AC-425B-BE3D-1539614F1862}.Release|x64.Build.0 = Release|x64
		{68B24C31-46AC-425B-BE3D-1539614F1862}.Release|x64.Deploy.0 = Release|x64
		{68B24C31-46AC-425B-BE3D-1539614F1862}.Release|x86.ActiveCfg = Release|x86
		{68B24C31-46AC-425B-BE3D-1539614F1862}.Release|x86.Build.0 = Release|x86
		{68B24C31-46AC-425B-BE3D-1539614F1862}.Release|x86.Deploy.0 = Release|x86
		{ABC4D531-9386-47ED-9898-10B8309D19F3}.Ad-Hoc|Any CPU.ActiveCfg = Debug|Any CPU
		{ABC4D531-9386-47ED-9898-10B8309D19F3}.Ad-Hoc|Any CPU.Build.0 = Debug|Any CPU
		{ABC4D531-9386-47ED-9898-10B8309D19F3}.Ad-Hoc|Any CPU.Deploy.0 = Debug|Any CPU
		{ABC4D531-9386-47ED-9898-10B8309D19F3}.Ad-Hoc|ARM.ActiveCfg = Debug|Any CPU
		{ABC4D531-9386-47ED-9898-10B8309D19F3}.Ad-Hoc|ARM.Build.0 = Debug|Any CPU
		{ABC4D531-9386-47ED-9898-10B8309D19F3}.Ad-Hoc|ARM.Deploy.0 = Debug|Any CPU
		{ABC4D531-9386-47ED-9898-10B8309D19F3}.Ad-Hoc|iPhone.ActiveCfg = Debug|Any CPU
		{ABC4D531-9386-47ED-9898-10B8309D19F3}.Ad-Hoc|iPhone.Build.0 = Debug|Any CPU
		{ABC4D531-9386-47ED-9898-10B8309D19F3}.Ad-Hoc|iPhone.Deploy.0 = Debug|Any CPU
		{ABC4D531-9386-47ED-9898-10B8309D19F3}.Ad-Hoc|iPhoneSimulator.ActiveCfg = Debug|Any CPU
		{ABC4D531-9386-47ED-9898-10B8309D19F3}.Ad-Hoc|iPhoneSimulator.Build.0 = Debug|Any CPU
		{ABC4D531-9386-47ED-9898-10B8309D19F3}.Ad-Hoc|iPhoneSimulator.Deploy.0 = Debug|Any CPU
		{ABC4D531-9386-47ED-9898-10B8309D19F3}.Ad-Hoc|x64.ActiveCfg = Debug|Any CPU
		{ABC4D531-9386-47ED-9898-10B8309D19F3}.Ad-Hoc|x64.Build.0 = Debug|Any CPU
		{ABC4D531-9386-47ED-9898-10B8309D19F3}.Ad-Hoc|x64.Deploy.0 = Debug|Any CPU
		{ABC4D531-9386-47ED-9898-10B8309D19F3}.Ad-Hoc|x86.ActiveCfg = Debug|Any CPU
		{ABC4D531-9386-47ED-9898-10B8309D19F3}.Ad-Hoc|x86.Build.0 = Debug|Any CPU
		{ABC4D531-9386-47ED-9898-10B8309D19F3}.Ad-Hoc|x86.Deploy.0 = Debug|Any CPU
		{ABC4D531-9386-47ED-9898-10B8309D19F3}.AppStore|Any CPU.ActiveCfg = Debug|Any CPU
		{ABC4D531-9386-47ED-9898-10B8309D19F3}.AppStore|Any CPU.Build.0 = Debug|Any CPU
		{ABC4D531-9386-47ED-9898-10B8309D19F3}.AppStore|Any CPU.Deploy.0 = Debug|Any CPU
		{ABC4D531-9386-47ED-9898-10B8309D19F3}.AppStore|ARM.ActiveCfg = Debug|Any CPU
		{ABC4D531-9386-47ED-9898-10B8309D19F3}.AppStore|ARM.Build.0 = Debug|Any CPU
		{ABC4D531-9386-47ED-9898-10B8309D19F3}.AppStore|ARM.Deploy.0 = Debug|Any CPU
		{ABC4D531-9386-47ED-9898-10B8309D19F3}.AppStore|iPhone.ActiveCfg = Debug|Any CPU
		{ABC4D531-9386-47ED-9898-10B8309D19F3}.AppStore|iPhone.Build.0 = Debug|Any CPU
		{ABC4D531-9386-47ED-9898-10B8309D19F3}.AppStore|iPhone.Deploy.0 = Debug|Any CPU
		{ABC4D531-9386-47ED-9898-10B8309D19F3}.AppStore|iPhoneSimulator.ActiveCfg = Debug|Any CPU
		{ABC4D531-9386-47ED-9898-10B8309D19F3}.AppStore|iPhoneSimulator.Build.0 = Debug|Any CPU
		{ABC4D531-9386-47ED-9898-10B8309D19F3}.AppStore|iPhoneSimulator.Deploy.0 = Debug|Any CPU
		{ABC4D531-9386-47ED-9898-10B8309D19F3}.AppStore|x64.ActiveCfg = Debug|Any CPU
		{ABC4D531-9386-47ED-9898-10B8309D19F3}.AppStore|x64.Build.0 = Debug|Any CPU
		{ABC4D531-9386-47ED-9898-10B8309D19F3}.AppStore|x64.Deploy.0 = Debug|Any CPU
		{ABC4D531-9386-47ED-9898-10B8309D19F3}.AppStore|x86.ActiveCfg = Debug|Any CPU
		{ABC4D531-9386-47ED-9898-10B8309D19F3}.AppStore|x86.Build.0 = Debug|Any CPU
		{ABC4D531-9386-47ED-9898-10B8309D19F3}.AppStore|x86.Deploy.0 = Debug|Any CPU
		{ABC4D531-9386-47ED-9898-10B8309D19F3}.Debug|Any CPU.ActiveCfg = Debug|Any CPU
		{ABC4D531-9386-47ED-9898-10B8309D19F3}.Debug|Any CPU.Build.0 = Debug|Any CPU
		{ABC4D531-9386-47ED-9898-10B8309D19F3}.Debug|Any CPU.Deploy.0 = Debug|Any CPU
		{ABC4D531-9386-47ED-9898-10B8309D19F3}.Debug|ARM.ActiveCfg = Debug|Any CPU
		{ABC4D531-9386-47ED-9898-10B8309D19F3}.Debug|ARM.Build.0 = Debug|Any CPU
		{ABC4D531-9386-47ED-9898-10B8309D19F3}.Debug|ARM.Deploy.0 = Debug|Any CPU
		{ABC4D531-9386-47ED-9898-10B8309D19F3}.Debug|iPhone.ActiveCfg = Debug|Any CPU
		{ABC4D531-9386-47ED-9898-10B8309D19F3}.Debug|iPhone.Build.0 = Debug|Any CPU
		{ABC4D531-9386-47ED-9898-10B8309D19F3}.Debug|iPhone.Deploy.0 = Debug|Any CPU
		{ABC4D531-9386-47ED-9898-10B8309D19F3}.Debug|iPhoneSimulator.ActiveCfg = Debug|Any CPU
		{ABC4D531-9386-47ED-9898-10B8309D19F3}.Debug|iPhoneSimulator.Build.0 = Debug|Any CPU
		{ABC4D531-9386-47ED-9898-10B8309D19F3}.Debug|iPhoneSimulator.Deploy.0 = Debug|Any CPU
		{ABC4D531-9386-47ED-9898-10B8309D19F3}.Debug|x64.ActiveCfg = Debug|Any CPU
		{ABC4D531-9386-47ED-9898-10B8309D19F3}.Debug|x64.Build.0 = Debug|Any CPU
		{ABC4D531-9386-47ED-9898-10B8309D19F3}.Debug|x64.Deploy.0 = Debug|Any CPU
		{ABC4D531-9386-47ED-9898-10B8309D19F3}.Debug|x86.ActiveCfg = Debug|Any CPU
		{ABC4D531-9386-47ED-9898-10B8309D19F3}.Debug|x86.Build.0 = Debug|Any CPU
		{ABC4D531-9386-47ED-9898-10B8309D19F3}.Debug|x86.Deploy.0 = Debug|Any CPU
		{ABC4D531-9386-47ED-9898-10B8309D19F3}.Release|Any CPU.ActiveCfg = Release|Any CPU
		{ABC4D531-9386-47ED-9898-10B8309D19F3}.Release|Any CPU.Build.0 = Release|Any CPU
		{ABC4D531-9386-47ED-9898-10B8309D19F3}.Release|Any CPU.Deploy.0 = Release|Any CPU
		{ABC4D531-9386-47ED-9898-10B8309D19F3}.Release|ARM.ActiveCfg = Release|Any CPU
		{ABC4D531-9386-47ED-9898-10B8309D19F3}.Release|ARM.Build.0 = Release|Any CPU
		{ABC4D531-9386-47ED-9898-10B8309D19F3}.Release|ARM.Deploy.0 = Release|Any CPU
		{ABC4D531-9386-47ED-9898-10B8309D19F3}.Release|iPhone.ActiveCfg = Release|Any CPU
		{ABC4D531-9386-47ED-9898-10B8309D19F3}.Release|iPhone.Build.0 = Release|Any CPU
		{ABC4D531-9386-47ED-9898-10B8309D19F3}.Release|iPhone.Deploy.0 = Release|Any CPU
		{ABC4D531-9386-47ED-9898-10B8309D19F3}.Release|iPhoneSimulator.ActiveCfg = Release|Any CPU
		{ABC4D531-9386-47ED-9898-10B8309D19F3}.Release|iPhoneSimulator.Build.0 = Release|Any CPU
		{ABC4D531-9386-47ED-9898-10B8309D19F3}.Release|iPhoneSimulator.Deploy.0 = Release|Any CPU
		{ABC4D531-9386-47ED-9898-10B8309D19F3}.Release|x64.ActiveCfg = Release|Any CPU
		{ABC4D531-9386-47ED-9898-10B8309D19F3}.Release|x64.Build.0 = Release|Any CPU
		{ABC4D531-9386-47ED-9898-10B8309D19F3}.Release|x64.Deploy.0 = Release|Any CPU
		{ABC4D531-9386-47ED-9898-10B8309D19F3}.Release|x86.ActiveCfg = Release|Any CPU
		{ABC4D531-9386-47ED-9898-10B8309D19F3}.Release|x86.Build.0 = Release|Any CPU
		{ABC4D531-9386-47ED-9898-10B8309D19F3}.Release|x86.Deploy.0 = Release|Any CPU
		{99E2BEA1-DFA5-4F8C-8917-4C5A930F5F69}.Ad-Hoc|Any CPU.ActiveCfg = Debug|Any CPU
		{99E2BEA1-DFA5-4F8C-8917-4C5A930F5F69}.Ad-Hoc|Any CPU.Build.0 = Debug|Any CPU
		{99E2BEA1-DFA5-4F8C-8917-4C5A930F5F69}.Ad-Hoc|ARM.ActiveCfg = Debug|Any CPU
		{99E2BEA1-DFA5-4F8C-8917-4C5A930F5F69}.Ad-Hoc|ARM.Build.0 = Debug|Any CPU
		{99E2BEA1-DFA5-4F8C-8917-4C5A930F5F69}.Ad-Hoc|iPhone.ActiveCfg = Debug|Any CPU
		{99E2BEA1-DFA5-4F8C-8917-4C5A930F5F69}.Ad-Hoc|iPhone.Build.0 = Debug|Any CPU
		{99E2BEA1-DFA5-4F8C-8917-4C5A930F5F69}.Ad-Hoc|iPhoneSimulator.ActiveCfg = Debug|Any CPU
		{99E2BEA1-DFA5-4F8C-8917-4C5A930F5F69}.Ad-Hoc|iPhoneSimulator.Build.0 = Debug|Any CPU
		{99E2BEA1-DFA5-4F8C-8917-4C5A930F5F69}.Ad-Hoc|x64.ActiveCfg = Debug|Any CPU
		{99E2BEA1-DFA5-4F8C-8917-4C5A930F5F69}.Ad-Hoc|x64.Build.0 = Debug|Any CPU
		{99E2BEA1-DFA5-4F8C-8917-4C5A930F5F69}.Ad-Hoc|x86.ActiveCfg = Debug|Any CPU
		{99E2BEA1-DFA5-4F8C-8917-4C5A930F5F69}.Ad-Hoc|x86.Build.0 = Debug|Any CPU
		{99E2BEA1-DFA5-4F8C-8917-4C5A930F5F69}.AppStore|Any CPU.ActiveCfg = Debug|Any CPU
		{99E2BEA1-DFA5-4F8C-8917-4C5A930F5F69}.AppStore|Any CPU.Build.0 = Debug|Any CPU
		{99E2BEA1-DFA5-4F8C-8917-4C5A930F5F69}.AppStore|ARM.ActiveCfg = Debug|Any CPU
		{99E2BEA1-DFA5-4F8C-8917-4C5A930F5F69}.AppStore|ARM.Build.0 = Debug|Any CPU
		{99E2BEA1-DFA5-4F8C-8917-4C5A930F5F69}.AppStore|iPhone.ActiveCfg = Debug|Any CPU
		{99E2BEA1-DFA5-4F8C-8917-4C5A930F5F69}.AppStore|iPhone.Build.0 = Debug|Any CPU
		{99E2BEA1-DFA5-4F8C-8917-4C5A930F5F69}.AppStore|iPhoneSimulator.ActiveCfg = Debug|Any CPU
		{99E2BEA1-DFA5-4F8C-8917-4C5A930F5F69}.AppStore|iPhoneSimulator.Build.0 = Debug|Any CPU
		{99E2BEA1-DFA5-4F8C-8917-4C5A930F5F69}.AppStore|x64.ActiveCfg = Debug|Any CPU
		{99E2BEA1-DFA5-4F8C-8917-4C5A930F5F69}.AppStore|x64.Build.0 = Debug|Any CPU
		{99E2BEA1-DFA5-4F8C-8917-4C5A930F5F69}.AppStore|x86.ActiveCfg = Debug|Any CPU
		{99E2BEA1-DFA5-4F8C-8917-4C5A930F5F69}.AppStore|x86.Build.0 = Debug|Any CPU
		{99E2BEA1-DFA5-4F8C-8917-4C5A930F5F69}.Debug|Any CPU.ActiveCfg = Debug|Any CPU
		{99E2BEA1-DFA5-4F8C-8917-4C5A930F5F69}.Debug|Any CPU.Build.0 = Debug|Any CPU
		{99E2BEA1-DFA5-4F8C-8917-4C5A930F5F69}.Debug|ARM.ActiveCfg = Debug|Any CPU
		{99E2BEA1-DFA5-4F8C-8917-4C5A930F5F69}.Debug|ARM.Build.0 = Debug|Any CPU
		{99E2BEA1-DFA5-4F8C-8917-4C5A930F5F69}.Debug|iPhone.ActiveCfg = Debug|Any CPU
		{99E2BEA1-DFA5-4F8C-8917-4C5A930F5F69}.Debug|iPhone.Build.0 = Debug|Any CPU
		{99E2BEA1-DFA5-4F8C-8917-4C5A930F5F69}.Debug|iPhoneSimulator.ActiveCfg = Debug|Any CPU
		{99E2BEA1-DFA5-4F8C-8917-4C5A930F5F69}.Debug|iPhoneSimulator.Build.0 = Debug|Any CPU
		{99E2BEA1-DFA5-4F8C-8917-4C5A930F5F69}.Debug|x64.ActiveCfg = Debug|Any CPU
		{99E2BEA1-DFA5-4F8C-8917-4C5A930F5F69}.Debug|x64.Build.0 = Debug|Any CPU
		{99E2BEA1-DFA5-4F8C-8917-4C5A930F5F69}.Debug|x86.ActiveCfg = Debug|Any CPU
		{99E2BEA1-DFA5-4F8C-8917-4C5A930F5F69}.Debug|x86.Build.0 = Debug|Any CPU
		{99E2BEA1-DFA5-4F8C-8917-4C5A930F5F69}.Release|Any CPU.ActiveCfg = Release|Any CPU
		{99E2BEA1-DFA5-4F8C-8917-4C5A930F5F69}.Release|Any CPU.Build.0 = Release|Any CPU
		{99E2BEA1-DFA5-4F8C-8917-4C5A930F5F69}.Release|ARM.ActiveCfg = Release|Any CPU
		{99E2BEA1-DFA5-4F8C-8917-4C5A930F5F69}.Release|ARM.Build.0 = Release|Any CPU
		{99E2BEA1-DFA5-4F8C-8917-4C5A930F5F69}.Release|iPhone.ActiveCfg = Release|Any CPU
		{99E2BEA1-DFA5-4F8C-8917-4C5A930F5F69}.Release|iPhone.Build.0 = Release|Any CPU
		{99E2BEA1-DFA5-4F8C-8917-4C5A930F5F69}.Release|iPhoneSimulator.ActiveCfg = Release|Any CPU
		{99E2BEA1-DFA5-4F8C-8917-4C5A930F5F69}.Release|iPhoneSimulator.Build.0 = Release|Any CPU
		{99E2BEA1-DFA5-4F8C-8917-4C5A930F5F69}.Release|x64.ActiveCfg = Release|Any CPU
		{99E2BEA1-DFA5-4F8C-8917-4C5A930F5F69}.Release|x64.Build.0 = Release|Any CPU
		{99E2BEA1-DFA5-4F8C-8917-4C5A930F5F69}.Release|x86.ActiveCfg = Release|Any CPU
		{99E2BEA1-DFA5-4F8C-8917-4C5A930F5F69}.Release|x86.Build.0 = Release|Any CPU
	EndGlobalSection
	GlobalSection(SolutionProperties) = preSolution
		HideSolutionNode = FALSE
	EndGlobalSection
	GlobalSection(ExtensibilityGlobals) = postSolution
		SolutionGuid = {FC34E27A-0797-406C-819C-17797344850D}
	EndGlobalSection
EndGlobal
