
Microsoft Visual Studio Solution File, Format Version 12.00
# Visual Studio 15
VisualStudioVersion = 15.0.26730.12
MinimumVisualStudioVersion = 10.0.40219.1
Project("{FAE04EC0-301F-11D3-BF4B-00C04F79EFBC}") = "FiscalCode.Android", "FiscalCode\FiscalCode.Android\FiscalCode.Android.csproj", "{68139533-08B2-4C4D-BAED-186608FCD2A2}"
EndProject
Project("{FAE04EC0-301F-11D3-BF4B-00C04F79EFBC}") = "FiscalCode", "FiscalCode\FiscalCode\FiscalCode.csproj", "{6BC3BF2E-E056-4772-BCAA-FB65175EE8F5}"
EndProject
Project("{FAE04EC0-301F-11D3-BF4B-00C04F79EFBC}") = "FiscalCode.UWP", "FiscalCode\FiscalCode.UWP\FiscalCode.UWP.csproj", "{64EDE802-5A4C-4724-B05A-3E99A9C617C3}"
EndProject
Project("{FAE04EC0-301F-11D3-BF4B-00C04F79EFBC}") = "FiscalCode.iOS", "FiscalCode\FiscalCode.iOS\FiscalCode.iOS.csproj", "{EAB95713-2ABD-423F-ACD6-74463342E987}"
EndProject
Global
	GlobalSection(SolutionConfigurationPlatforms) = preSolution
		Ad-Hoc|Any CPU = Ad-Hoc|Any CPU
		Ad-Hoc|ARM = Ad-Hoc|ARM
		Ad-Hoc|iPhone = Ad-Hoc|iPhone
		Ad-Hoc|iPhoneSimulator = Ad-Hoc|iPhoneSimulator
		Ad-Hoc|x64 = Ad-Hoc|x64
		Ad-Hoc|x86 = Ad-Hoc|x86
		AppStore|Any CPU = AppStore|Any CPU
		AppStore|ARM = AppStore|ARM
		AppStore|iPhone = AppStore|iPhone
		AppStore|iPhoneSimulator = AppStore|iPhoneSimulator
		AppStore|x64 = AppStore|x64
		AppStore|x86 = AppStore|x86
		Debug|Any CPU = Debug|Any CPU
		Debug|ARM = Debug|ARM
		Debug|iPhone = Debug|iPhone
		Debug|iPhoneSimulator = Debug|iPhoneSimulator
		Debug|x64 = Debug|x64
		Debug|x86 = Debug|x86
		Release|Any CPU = Release|Any CPU
		Release|ARM = Release|ARM
		Release|iPhone = Release|iPhone
		Release|iPhoneSimulator = Release|iPhoneSimulator
		Release|x64 = Release|x64
		Release|x86 = Release|x86
	EndGlobalSection
	GlobalSection(ProjectConfigurationPlatforms) = postSolution
		{68139533-08B2-4C4D-BAED-186608FCD2A2}.Ad-Hoc|Any CPU.ActiveCfg = Release|Any CPU
		{68139533-08B2-4C4D-BAED-186608FCD2A2}.Ad-Hoc|Any CPU.Build.0 = Release|Any CPU
		{68139533-08B2-4C4D-BAED-186608FCD2A2}.Ad-Hoc|Any CPU.Deploy.0 = Release|Any CPU
		{68139533-08B2-4C4D-BAED-186608FCD2A2}.Ad-Hoc|ARM.ActiveCfg = Release|Any CPU
		{68139533-08B2-4C4D-BAED-186608FCD2A2}.Ad-Hoc|ARM.Build.0 = Release|Any CPU
		{68139533-08B2-4C4D-BAED-186608FCD2A2}.Ad-Hoc|ARM.Deploy.0 = Release|Any CPU
		{68139533-08B2-4C4D-BAED-186608FCD2A2}.Ad-Hoc|iPhone.ActiveCfg = Release|Any CPU
		{68139533-08B2-4C4D-BAED-186608FCD2A2}.Ad-Hoc|iPhone.Build.0 = Release|Any CPU
		{68139533-08B2-4C4D-BAED-186608FCD2A2}.Ad-Hoc|iPhone.Deploy.0 = Release|Any CPU
		{68139533-08B2-4C4D-BAED-186608FCD2A2}.Ad-Hoc|iPhoneSimulator.ActiveCfg = Release|Any CPU
		{68139533-08B2-4C4D-BAED-186608FCD2A2}.Ad-Hoc|iPhoneSimulator.Build.0 = Release|Any CPU
		{68139533-08B2-4C4D-BAED-186608FCD2A2}.Ad-Hoc|iPhoneSimulator.Deploy.0 = Release|Any CPU
		{68139533-08B2-4C4D-BAED-186608FCD2A2}.Ad-Hoc|x64.ActiveCfg = Release|Any CPU
		{68139533-08B2-4C4D-BAED-186608FCD2A2}.Ad-Hoc|x64.Build.0 = Release|Any CPU
		{68139533-08B2-4C4D-BAED-186608FCD2A2}.Ad-Hoc|x64.Deploy.0 = Release|Any CPU
		{68139533-08B2-4C4D-BAED-186608FCD2A2}.Ad-Hoc|x86.ActiveCfg = Release|Any CPU
		{68139533-08B2-4C4D-BAED-186608FCD2A2}.Ad-Hoc|x86.Build.0 = Release|Any CPU
		{68139533-08B2-4C4D-BAED-186608FCD2A2}.Ad-Hoc|x86.Deploy.0 = Release|Any CPU
		{68139533-08B2-4C4D-BAED-186608FCD2A2}.AppStore|Any CPU.ActiveCfg = Release|Any CPU
		{68139533-08B2-4C4D-BAED-186608FCD2A2}.AppStore|Any CPU.Build.0 = Release|Any CPU
		{68139533-08B2-4C4D-BAED-186608FCD2A2}.AppStore|Any CPU.Deploy.0 = Release|Any CPU
		{68139533-08B2-4C4D-BAED-186608FCD2A2}.AppStore|ARM.ActiveCfg = Release|Any CPU
		{68139533-08B2-4C4D-BAED-186608FCD2A2}.AppStore|ARM.Build.0 = Release|Any CPU
		{68139533-08B2-4C4D-BAED-186608FCD2A2}.AppStore|ARM.Deploy.0 = Release|Any CPU
		{68139533-08B2-4C4D-BAED-186608FCD2A2}.AppStore|iPhone.ActiveCfg = Release|Any CPU
		{68139533-08B2-4C4D-BAED-186608FCD2A2}.AppStore|iPhone.Build.0 = Release|Any CPU
		{68139533-08B2-4C4D-BAED-186608FCD2A2}.AppStore|iPhone.Deploy.0 = Release|Any CPU
		{68139533-08B2-4C4D-BAED-186608FCD2A2}.AppStore|iPhoneSimulator.ActiveCfg = Release|Any CPU
		{68139533-08B2-4C4D-BAED-186608FCD2A2}.AppStore|iPhoneSimulator.Build.0 = Release|Any CPU
		{68139533-08B2-4C4D-BAED-186608FCD2A2}.AppStore|iPhoneSimulator.Deploy.0 = Release|Any CPU
		{68139533-08B2-4C4D-BAED-186608FCD2A2}.AppStore|x64.ActiveCfg = Release|Any CPU
		{68139533-08B2-4C4D-BAED-186608FCD2A2}.AppStore|x64.Build.0 = Release|Any CPU
		{68139533-08B2-4C4D-BAED-186608FCD2A2}.AppStore|x64.Deploy.0 = Release|Any CPU
		{68139533-08B2-4C4D-BAED-186608FCD2A2}.AppStore|x86.ActiveCfg = Release|Any CPU
		{68139533-08B2-4C4D-BAED-186608FCD2A2}.AppStore|x86.Build.0 = Release|Any CPU
		{68139533-08B2-4C4D-BAED-186608FCD2A2}.AppStore|x86.Deploy.0 = Release|Any CPU
		{68139533-08B2-4C4D-BAED-186608FCD2A2}.Debug|Any CPU.ActiveCfg = Debug|Any CPU
		{68139533-08B2-4C4D-BAED-186608FCD2A2}.Debug|Any CPU.Build.0 = Debug|Any CPU
		{68139533-08B2-4C4D-BAED-186608FCD2A2}.Debug|Any CPU.Deploy.0 = Debug|Any CPU
		{68139533-08B2-4C4D-BAED-186608FCD2A2}.Debug|ARM.ActiveCfg = Debug|Any CPU
		{68139533-08B2-4C4D-BAED-186608FCD2A2}.Debug|ARM.Build.0 = Debug|Any CPU
		{68139533-08B2-4C4D-BAED-186608FCD2A2}.Debug|ARM.Deploy.0 = Debug|Any CPU
		{68139533-08B2-4C4D-BAED-186608FCD2A2}.Debug|iPhone.ActiveCfg = Debug|Any CPU
		{68139533-08B2-4C4D-BAED-186608FCD2A2}.Debug|iPhone.Build.0 = Debug|Any CPU
		{68139533-08B2-4C4D-BAED-186608FCD2A2}.Debug|iPhone.Deploy.0 = Debug|Any CPU
		{68139533-08B2-4C4D-BAED-186608FCD2A2}.Debug|iPhoneSimulator.ActiveCfg = Debug|Any CPU
		{68139533-08B2-4C4D-BAED-186608FCD2A2}.Debug|iPhoneSimulator.Build.0 = Debug|Any CPU
		{68139533-08B2-4C4D-BAED-186608FCD2A2}.Debug|iPhoneSimulator.Deploy.0 = Debug|Any CPU
		{68139533-08B2-4C4D-BAED-186608FCD2A2}.Debug|x64.ActiveCfg = Debug|Any CPU
		{68139533-08B2-4C4D-BAED-186608FCD2A2}.Debug|x64.Build.0 = Debug|Any CPU
		{68139533-08B2-4C4D-BAED-186608FCD2A2}.Debug|x64.Deploy.0 = Debug|Any CPU
		{68139533-08B2-4C4D-BAED-186608FCD2A2}.Debug|x86.ActiveCfg = Debug|Any CPU
		{68139533-08B2-4C4D-BAED-186608FCD2A2}.Debug|x86.Build.0 = Debug|Any CPU
		{68139533-08B2-4C4D-BAED-186608FCD2A2}.Debug|x86.Deploy.0 = Debug|Any CPU
		{68139533-08B2-4C4D-BAED-186608FCD2A2}.Release|Any CPU.ActiveCfg = Release|Any CPU
		{68139533-08B2-4C4D-BAED-186608FCD2A2}.Release|Any CPU.Build.0 = Release|Any CPU
		{68139533-08B2-4C4D-BAED-186608FCD2A2}.Release|Any CPU.Deploy.0 = Release|Any CPU
		{68139533-08B2-4C4D-BAED-186608FCD2A2}.Release|ARM.ActiveCfg = Release|Any CPU
		{68139533-08B2-4C4D-BAED-186608FCD2A2}.Release|ARM.Build.0 = Release|Any CPU
		{68139533-08B2-4C4D-BAED-186608FCD2A2}.Release|ARM.Deploy.0 = Release|Any CPU
		{68139533-08B2-4C4D-BAED-186608FCD2A2}.Release|iPhone.ActiveCfg = Release|Any CPU
		{68139533-08B2-4C4D-BAED-186608FCD2A2}.Release|iPhone.Build.0 = Release|Any CPU
		{68139533-08B2-4C4D-BAED-186608FCD2A2}.Release|iPhone.Deploy.0 = Release|Any CPU
		{68139533-08B2-4C4D-BAED-186608FCD2A2}.Release|iPhoneSimulator.ActiveCfg = Release|Any CPU
		{68139533-08B2-4C4D-BAED-186608FCD2A2}.Release|iPhoneSimulator.Build.0 = Release|Any CPU
		{68139533-08B2-4C4D-BAED-186608FCD2A2}.Release|iPhoneSimulator.Deploy.0 = Release|Any CPU
		{68139533-08B2-4C4D-BAED-186608FCD2A2}.Release|x64.ActiveCfg = Release|Any CPU
		{68139533-08B2-4C4D-BAED-186608FCD2A2}.Release|x64.Build.0 = Release|Any CPU
		{68139533-08B2-4C4D-BAED-186608FCD2A2}.Release|x64.Deploy.0 = Release|Any CPU
		{68139533-08B2-4C4D-BAED-186608FCD2A2}.Release|x86.ActiveCfg = Release|Any CPU
		{68139533-08B2-4C4D-BAED-186608FCD2A2}.Release|x86.Build.0 = Release|Any CPU
		{68139533-08B2-4C4D-BAED-186608FCD2A2}.Release|x86.Deploy.0 = Release|Any CPU
		{6BC3BF2E-E056-4772-BCAA-FB65175EE8F5}.Ad-Hoc|Any CPU.ActiveCfg = Release|Any CPU
		{6BC3BF2E-E056-4772-BCAA-FB65175EE8F5}.Ad-Hoc|Any CPU.Build.0 = Release|Any CPU
		{6BC3BF2E-E056-4772-BCAA-FB65175EE8F5}.Ad-Hoc|ARM.ActiveCfg = Release|Any CPU
		{6BC3BF2E-E056-4772-BCAA-FB65175EE8F5}.Ad-Hoc|ARM.Build.0 = Release|Any CPU
		{6BC3BF2E-E056-4772-BCAA-FB65175EE8F5}.Ad-Hoc|iPhone.ActiveCfg = Release|Any CPU
		{6BC3BF2E-E056-4772-BCAA-FB65175EE8F5}.Ad-Hoc|iPhone.Build.0 = Release|Any CPU
		{6BC3BF2E-E056-4772-BCAA-FB65175EE8F5}.Ad-Hoc|iPhoneSimulator.ActiveCfg = Release|Any CPU
		{6BC3BF2E-E056-4772-BCAA-FB65175EE8F5}.Ad-Hoc|iPhoneSimulator.Build.0 = Release|Any CPU
		{6BC3BF2E-E056-4772-BCAA-FB65175EE8F5}.Ad-Hoc|x64.ActiveCfg = Release|Any CPU
		{6BC3BF2E-E056-4772-BCAA-FB65175EE8F5}.Ad-Hoc|x64.Build.0 = Release|Any CPU
		{6BC3BF2E-E056-4772-BCAA-FB65175EE8F5}.Ad-Hoc|x86.ActiveCfg = Release|Any CPU
		{6BC3BF2E-E056-4772-BCAA-FB65175EE8F5}.Ad-Hoc|x86.Build.0 = Release|Any CPU
		{6BC3BF2E-E056-4772-BCAA-FB65175EE8F5}.AppStore|Any CPU.ActiveCfg = Release|Any CPU
		{6BC3BF2E-E056-4772-BCAA-FB65175EE8F5}.AppStore|Any CPU.Build.0 = Release|Any CPU
		{6BC3BF2E-E056-4772-BCAA-FB65175EE8F5}.AppStore|ARM.ActiveCfg = Release|Any CPU
		{6BC3BF2E-E056-4772-BCAA-FB65175EE8F5}.AppStore|ARM.Build.0 = Release|Any CPU
		{6BC3BF2E-E056-4772-BCAA-FB65175EE8F5}.AppStore|iPhone.ActiveCfg = Release|Any CPU
		{6BC3BF2E-E056-4772-BCAA-FB65175EE8F5}.AppStore|iPhone.Build.0 = Release|Any CPU
		{6BC3BF2E-E056-4772-BCAA-FB65175EE8F5}.AppStore|iPhoneSimulator.ActiveCfg = Release|Any CPU
		{6BC3BF2E-E056-4772-BCAA-FB65175EE8F5}.AppStore|iPhoneSimulator.Build.0 = Release|Any CPU
		{6BC3BF2E-E056-4772-BCAA-FB65175EE8F5}.AppStore|x64.ActiveCfg = Release|Any CPU
		{6BC3BF2E-E056-4772-BCAA-FB65175EE8F5}.AppStore|x64.Build.0 = Release|Any CPU
		{6BC3BF2E-E056-4772-BCAA-FB65175EE8F5}.AppStore|x86.ActiveCfg = Release|Any CPU
		{6BC3BF2E-E056-4772-BCAA-FB65175EE8F5}.AppStore|x86.Build.0 = Release|Any CPU
		{6BC3BF2E-E056-4772-BCAA-FB65175EE8F5}.Debug|Any CPU.ActiveCfg = Debug|Any CPU
		{6BC3BF2E-E056-4772-BCAA-FB65175EE8F5}.Debug|Any CPU.Build.0 = Debug|Any CPU
		{6BC3BF2E-E056-4772-BCAA-FB65175EE8F5}.Debug|ARM.ActiveCfg = Debug|Any CPU
		{6BC3BF2E-E056-4772-BCAA-FB65175EE8F5}.Debug|ARM.Build.0 = Debug|Any CPU
		{6BC3BF2E-E056-4772-BCAA-FB65175EE8F5}.Debug|iPhone.ActiveCfg = Debug|Any CPU
		{6BC3BF2E-E056-4772-BCAA-FB65175EE8F5}.Debug|iPhone.Build.0 = Debug|Any CPU
		{6BC3BF2E-E056-4772-BCAA-FB65175EE8F5}.Debug|iPhoneSimulator.ActiveCfg = Debug|Any CPU
		{6BC3BF2E-E056-4772-BCAA-FB65175EE8F5}.Debug|iPhoneSimulator.Build.0 = Debug|Any CPU
		{6BC3BF2E-E056-4772-BCAA-FB65175EE8F5}.Debug|x64.ActiveCfg = Debug|Any CPU
		{6BC3BF2E-E056-4772-BCAA-FB65175EE8F5}.Debug|x64.Build.0 = Debug|Any CPU
		{6BC3BF2E-E056-4772-BCAA-FB65175EE8F5}.Debug|x86.ActiveCfg = Debug|Any CPU
		{6BC3BF2E-E056-4772-BCAA-FB65175EE8F5}.Debug|x86.Build.0 = Debug|Any CPU
		{6BC3BF2E-E056-4772-BCAA-FB65175EE8F5}.Release|Any CPU.ActiveCfg = Release|Any CPU
		{6BC3BF2E-E056-4772-BCAA-FB65175EE8F5}.Release|Any CPU.Build.0 = Release|Any CPU
		{6BC3BF2E-E056-4772-BCAA-FB65175EE8F5}.Release|ARM.ActiveCfg = Release|Any CPU
		{6BC3BF2E-E056-4772-BCAA-FB65175EE8F5}.Release|ARM.Build.0 = Release|Any CPU
		{6BC3BF2E-E056-4772-BCAA-FB65175EE8F5}.Release|iPhone.ActiveCfg = Release|Any CPU
		{6BC3BF2E-E056-4772-BCAA-FB65175EE8F5}.Release|iPhone.Build.0 = Release|Any CPU
		{6BC3BF2E-E056-4772-BCAA-FB65175EE8F5}.Release|iPhoneSimulator.ActiveCfg = Release|Any CPU
		{6BC3BF2E-E056-4772-BCAA-FB65175EE8F5}.Release|iPhoneSimulator.Build.0 = Release|Any CPU
		{6BC3BF2E-E056-4772-BCAA-FB65175EE8F5}.Release|x64.ActiveCfg = Release|Any CPU
		{6BC3BF2E-E056-4772-BCAA-FB65175EE8F5}.Release|x64.Build.0 = Release|Any CPU
		{6BC3BF2E-E056-4772-BCAA-FB65175EE8F5}.Release|x86.ActiveCfg = Release|Any CPU
		{6BC3BF2E-E056-4772-BCAA-FB65175EE8F5}.Release|x86.Build.0 = Release|Any CPU
		{64EDE802-5A4C-4724-B05A-3E99A9C617C3}.Ad-Hoc|Any CPU.ActiveCfg = Release|x86
		{64EDE802-5A4C-4724-B05A-3E99A9C617C3}.Ad-Hoc|Any CPU.Build.0 = Release|x86
		{64EDE802-5A4C-4724-B05A-3E99A9C617C3}.Ad-Hoc|Any CPU.Deploy.0 = Release|x86
		{64EDE802-5A4C-4724-B05A-3E99A9C617C3}.Ad-Hoc|ARM.ActiveCfg = Release|ARM
		{64EDE802-5A4C-4724-B05A-3E99A9C617C3}.Ad-Hoc|ARM.Build.0 = Release|ARM
		{64EDE802-5A4C-4724-B05A-3E99A9C617C3}.Ad-Hoc|ARM.Deploy.0 = Release|ARM
		{64EDE802-5A4C-4724-B05A-3E99A9C617C3}.Ad-Hoc|iPhone.ActiveCfg = Release|x86
		{64EDE802-5A4C-4724-B05A-3E99A9C617C3}.Ad-Hoc|iPhone.Build.0 = Release|x86
		{64EDE802-5A4C-4724-B05A-3E99A9C617C3}.Ad-Hoc|iPhone.Deploy.0 = Release|x86
		{64EDE802-5A4C-4724-B05A-3E99A9C617C3}.Ad-Hoc|iPhoneSimulator.ActiveCfg = Release|x86
		{64EDE802-5A4C-4724-B05A-3E99A9C617C3}.Ad-Hoc|iPhoneSimulator.Build.0 = Release|x86
		{64EDE802-5A4C-4724-B05A-3E99A9C617C3}.Ad-Hoc|iPhoneSimulator.Deploy.0 = Release|x86
		{64EDE802-5A4C-4724-B05A-3E99A9C617C3}.Ad-Hoc|x64.ActiveCfg = Release|x64
		{64EDE802-5A4C-4724-B05A-3E99A9C617C3}.Ad-Hoc|x64.Build.0 = Release|x64
		{64EDE802-5A4C-4724-B05A-3E99A9C617C3}.Ad-Hoc|x64.Deploy.0 = Release|x64
		{64EDE802-5A4C-4724-B05A-3E99A9C617C3}.Ad-Hoc|x86.ActiveCfg = Release|x86
		{64EDE802-5A4C-4724-B05A-3E99A9C617C3}.Ad-Hoc|x86.Build.0 = Release|x86
		{64EDE802-5A4C-4724-B05A-3E99A9C617C3}.Ad-Hoc|x86.Deploy.0 = Release|x86
		{64EDE802-5A4C-4724-B05A-3E99A9C617C3}.AppStore|Any CPU.ActiveCfg = Release|x86
		{64EDE802-5A4C-4724-B05A-3E99A9C617C3}.AppStore|Any CPU.Build.0 = Release|x86
		{64EDE802-5A4C-4724-B05A-3E99A9C617C3}.AppStore|Any CPU.Deploy.0 = Release|x86
		{64EDE802-5A4C-4724-B05A-3E99A9C617C3}.AppStore|ARM.ActiveCfg = Release|ARM
		{64EDE802-5A4C-4724-B05A-3E99A9C617C3}.AppStore|ARM.Build.0 = Release|ARM
		{64EDE802-5A4C-4724-B05A-3E99A9C617C3}.AppStore|ARM.Deploy.0 = Release|ARM
		{64EDE802-5A4C-4724-B05A-3E99A9C617C3}.AppStore|iPhone.ActiveCfg = Release|x86
		{64EDE802-5A4C-4724-B05A-3E99A9C617C3}.AppStore|iPhone.Build.0 = Release|x86
		{64EDE802-5A4C-4724-B05A-3E99A9C617C3}.AppStore|iPhone.Deploy.0 = Release|x86
		{64EDE802-5A4C-4724-B05A-3E99A9C617C3}.AppStore|iPhoneSimulator.ActiveCfg = Release|x86
		{64EDE802-5A4C-4724-B05A-3E99A9C617C3}.AppStore|iPhoneSimulator.Build.0 = Release|x86
		{64EDE802-5A4C-4724-B05A-3E99A9C617C3}.AppStore|iPhoneSimulator.Deploy.0 = Release|x86
		{64EDE802-5A4C-4724-B05A-3E99A9C617C3}.AppStore|x64.ActiveCfg = Release|x64
		{64EDE802-5A4C-4724-B05A-3E99A9C617C3}.AppStore|x64.Build.0 = Release|x64
		{64EDE802-5A4C-4724-B05A-3E99A9C617C3}.AppStore|x64.Deploy.0 = Release|x64
		{64EDE802-5A4C-4724-B05A-3E99A9C617C3}.AppStore|x86.ActiveCfg = Release|x86
		{64EDE802-5A4C-4724-B05A-3E99A9C617C3}.AppStore|x86.Build.0 = Release|x86
		{64EDE802-5A4C-4724-B05A-3E99A9C617C3}.AppStore|x86.Deploy.0 = Release|x86
		{64EDE802-5A4C-4724-B05A-3E99A9C617C3}.Debug|Any CPU.ActiveCfg = Debug|x86
		{64EDE802-5A4C-4724-B05A-3E99A9C617C3}.Debug|ARM.ActiveCfg = Debug|ARM
		{64EDE802-5A4C-4724-B05A-3E99A9C617C3}.Debug|ARM.Build.0 = Debug|ARM
		{64EDE802-5A4C-4724-B05A-3E99A9C617C3}.Debug|ARM.Deploy.0 = Debug|ARM
		{64EDE802-5A4C-4724-B05A-3E99A9C617C3}.Debug|iPhone.ActiveCfg = Debug|x86
		{64EDE802-5A4C-4724-B05A-3E99A9C617C3}.Debug|iPhoneSimulator.ActiveCfg = Debug|x86
		{64EDE802-5A4C-4724-B05A-3E99A9C617C3}.Debug|x64.ActiveCfg = Debug|x64
		{64EDE802-5A4C-4724-B05A-3E99A9C617C3}.Debug|x64.Build.0 = Debug|x64
		{64EDE802-5A4C-4724-B05A-3E99A9C617C3}.Debug|x64.Deploy.0 = Debug|x64
		{64EDE802-5A4C-4724-B05A-3E99A9C617C3}.Debug|x86.ActiveCfg = Debug|x86
		{64EDE802-5A4C-4724-B05A-3E99A9C617C3}.Debug|x86.Build.0 = Debug|x86
		{64EDE802-5A4C-4724-B05A-3E99A9C617C3}.Debug|x86.Deploy.0 = Debug|x86
		{64EDE802-5A4C-4724-B05A-3E99A9C617C3}.Release|Any CPU.ActiveCfg = Release|x86
		{64EDE802-5A4C-4724-B05A-3E99A9C617C3}.Release|ARM.ActiveCfg = Release|ARM
		{64EDE802-5A4C-4724-B05A-3E99A9C617C3}.Release|ARM.Build.0 = Release|ARM
		{64EDE802-5A4C-4724-B05A-3E99A9C617C3}.Release|ARM.Deploy.0 = Release|ARM
		{64EDE802-5A4C-4724-B05A-3E99A9C617C3}.Release|iPhone.ActiveCfg = Release|x86
		{64EDE802-5A4C-4724-B05A-3E99A9C617C3}.Release|iPhoneSimulator.ActiveCfg = Release|x86
		{64EDE802-5A4C-4724-B05A-3E99A9C617C3}.Release|x64.ActiveCfg = Release|x64
		{64EDE802-5A4C-4724-B05A-3E99A9C617C3}.Release|x64.Build.0 = Release|x64
		{64EDE802-5A4C-4724-B05A-3E99A9C617C3}.Release|x64.Deploy.0 = Release|x64
		{64EDE802-5A4C-4724-B05A-3E99A9C617C3}.Release|x86.ActiveCfg = Release|x86
		{64EDE802-5A4C-4724-B05A-3E99A9C617C3}.Release|x86.Build.0 = Release|x86
		{64EDE802-5A4C-4724-B05A-3E99A9C617C3}.Release|x86.Deploy.0 = Release|x86
		{EAB95713-2ABD-423F-ACD6-74463342E987}.Ad-Hoc|Any CPU.ActiveCfg = Ad-Hoc|iPhone
		{EAB95713-2ABD-423F-ACD6-74463342E987}.Ad-Hoc|ARM.ActiveCfg = Ad-Hoc|iPhone
		{EAB95713-2ABD-423F-ACD6-74463342E987}.Ad-Hoc|iPhone.ActiveCfg = Ad-Hoc|iPhone
		{EAB95713-2ABD-423F-ACD6-74463342E987}.Ad-Hoc|iPhone.Build.0 = Ad-Hoc|iPhone
		{EAB95713-2ABD-423F-ACD6-74463342E987}.Ad-Hoc|iPhoneSimulator.ActiveCfg = Ad-Hoc|iPhoneSimulator
		{EAB95713-2ABD-423F-ACD6-74463342E987}.Ad-Hoc|iPhoneSimulator.Build.0 = Ad-Hoc|iPhoneSimulator
		{EAB95713-2ABD-423F-ACD6-74463342E987}.Ad-Hoc|x64.ActiveCfg = Ad-Hoc|iPhone
		{EAB95713-2ABD-423F-ACD6-74463342E987}.Ad-Hoc|x86.ActiveCfg = Ad-Hoc|iPhone
		{EAB95713-2ABD-423F-ACD6-74463342E987}.AppStore|Any CPU.ActiveCfg = AppStore|iPhone
		{EAB95713-2ABD-423F-ACD6-74463342E987}.AppStore|ARM.ActiveCfg = AppStore|iPhone
		{EAB95713-2ABD-423F-ACD6-74463342E987}.AppStore|iPhone.ActiveCfg = AppStore|iPhone
		{EAB95713-2ABD-423F-ACD6-74463342E987}.AppStore|iPhone.Build.0 = AppStore|iPhone
		{EAB95713-2ABD-423F-ACD6-74463342E987}.AppStore|iPhoneSimulator.ActiveCfg = AppStore|iPhoneSimulator
		{EAB95713-2ABD-423F-ACD6-74463342E987}.AppStore|iPhoneSimulator.Build.0 = AppStore|iPhoneSimulator
		{EAB95713-2ABD-423F-ACD6-74463342E987}.AppStore|x64.ActiveCfg = AppStore|iPhone
		{EAB95713-2ABD-423F-ACD6-74463342E987}.AppStore|x86.ActiveCfg = AppStore|iPhone
		{EAB95713-2ABD-423F-ACD6-74463342E987}.Debug|Any CPU.ActiveCfg = Debug|iPhone
		{EAB95713-2ABD-423F-ACD6-74463342E987}.Debug|ARM.ActiveCfg = Debug|iPhone
		{EAB95713-2ABD-423F-ACD6-74463342E987}.Debug|iPhone.ActiveCfg = Debug|iPhone
		{EAB95713-2ABD-423F-ACD6-74463342E987}.Debug|iPhone.Build.0 = Debug|iPhone
		{EAB95713-2ABD-423F-ACD6-74463342E987}.Debug|iPhoneSimulator.ActiveCfg = Debug|iPhoneSimulator
		{EAB95713-2ABD-423F-ACD6-74463342E987}.Debug|iPhoneSimulator.Build.0 = Debug|iPhoneSimulator
		{EAB95713-2ABD-423F-ACD6-74463342E987}.Debug|x64.ActiveCfg = Debug|iPhone
		{EAB95713-2ABD-423F-ACD6-74463342E987}.Debug|x86.ActiveCfg = Debug|iPhone
		{EAB95713-2ABD-423F-ACD6-74463342E987}.Release|Any CPU.ActiveCfg = Release|iPhone
		{EAB95713-2ABD-423F-ACD6-74463342E987}.Release|ARM.ActiveCfg = Release|iPhone
		{EAB95713-2ABD-423F-ACD6-74463342E987}.Release|iPhone.ActiveCfg = Release|iPhone
		{EAB95713-2ABD-423F-ACD6-74463342E987}.Release|iPhone.Build.0 = Release|iPhone
		{EAB95713-2ABD-423F-ACD6-74463342E987}.Release|iPhoneSimulator.ActiveCfg = Release|iPhoneSimulator
		{EAB95713-2ABD-423F-ACD6-74463342E987}.Release|iPhoneSimulator.Build.0 = Release|iPhoneSimulator
		{EAB95713-2ABD-423F-ACD6-74463342E987}.Release|x64.ActiveCfg = Release|iPhone
		{EAB95713-2ABD-423F-ACD6-74463342E987}.Release|x86.ActiveCfg = Release|iPhone
	EndGlobalSection
	GlobalSection(SolutionProperties) = preSolution
		HideSolutionNode = FALSE
	EndGlobalSection
	GlobalSection(ExtensibilityGlobals) = postSolution
		SolutionGuid = {3B647F7E-9AC9-4D2C-8A33-9B634A29A13A}
	EndGlobalSection
EndGlobal
